
Microsoft Visual Studio Solution File, Format Version 12.00
# Visual Studio Version 16
VisualStudioVersion = 16.0.29806.167
MinimumVisualStudioVersion = 10.0.40219.1
Project("{FAE04EC0-301F-11D3-BF4B-00C04F79EFBC}") = "03.Raiding", "03.Raiding\03.Raiding.csproj", "{E23F5D20-D396-4A5B-9B67-8392D5C5D747}"
EndProject
Global
	GlobalSection(SolutionConfigurationPlatforms) = preSolution
		Debug|Any CPU = Debug|Any CPU
		Release|Any CPU = Release|Any CPU
	EndGlobalSection
	GlobalSection(ProjectConfigurationPlatforms) = postSolution
		{E23F5D20-D396-4A5B-9B67-8392D5C5D747}.Debug|Any CPU.ActiveCfg = Debug|Any CPU
		{E23F5D20-D396-4A5B-9B67-8392D5C5D747}.Debug|Any CPU.Build.0 = Debug|Any CPU
		{E23F5D20-D396-4A5B-9B67-8392D5C5D747}.Release|Any CPU.ActiveCfg = Release|Any CPU
		{E23F5D20-D396-4A5B-9B67-8392D5C5D747}.Release|Any CPU.Build.0 = Release|Any CPU
	EndGlobalSection
	GlobalSection(SolutionProperties) = preSolution
		HideSolutionNode = FALSE
	EndGlobalSection
	GlobalSection(ExtensibilityGlobals) = postSolution
		SolutionGuid = {476B92A5-583A-437D-A5E9-C79E0C84C4ED}
	EndGlobalSection
EndGlobal
