
Microsoft Visual Studio Solution File, Format Version 12.00
# Visual Studio Version 16
VisualStudioVersion = 16.0.29806.167
MinimumVisualStudioVersion = 10.0.40219.1
Project("{FAE04EC0-301F-11D3-BF4B-00C04F79EFBC}") = "ReflectionDemo", "ReflectionDemo\ReflectionDemo.csproj", "{F8809639-0ED9-4E7E-AB62-C721C8CF6A13}"
EndProject
Global
	GlobalSection(SolutionConfigurationPlatforms) = preSolution
		Debug|Any CPU = Debug|Any CPU
		Release|Any CPU = Release|Any CPU
	EndGlobalSection
	GlobalSection(ProjectConfigurationPlatforms) = postSolution
		{F8809639-0ED9-4E7E-AB62-C721C8CF6A13}.Debug|Any CPU.ActiveCfg = Debug|Any CPU
		{F8809639-0ED9-4E7E-AB62-C721C8CF6A13}.Debug|Any CPU.Build.0 = Debug|Any CPU
		{F8809639-0ED9-4E7E-AB62-C721C8CF6A13}.Release|Any CPU.ActiveCfg = Release|Any CPU
		{F8809639-0ED9-4E7E-AB62-C721C8CF6A13}.Release|Any CPU.Build.0 = Release|Any CPU
	EndGlobalSection
	GlobalSection(SolutionProperties) = preSolution
		HideSolutionNode = FALSE
	EndGlobalSection
	GlobalSection(ExtensibilityGlobals) = postSolution
		SolutionGuid = {E8821162-5C43-4C18-B242-C319FC21A4A0}
	EndGlobalSection
EndGlobal
